
Microsoft Visual Studio Solution File, Format Version 12.00
# Visual Studio Version 16
VisualStudioVersion = 16.0.29009.5
MinimumVisualStudioVersion = 10.0.40219.1
Project("{FAE04EC0-301F-11D3-BF4B-00C04F79EFBC}") = "SimpleRPG", "SimpleRPG\SimpleRPG.csproj", "{1D3B6F5E-6B89-498D-B74F-88580AFE73C6}"
EndProject
Project("{FAE04EC0-301F-11D3-BF4B-00C04F79EFBC}") = "Engine", "Engine\Engine.csproj", "{637EA2CD-CD96-42B1-B725-00EB1C77D86F}"
EndProject
Global
	GlobalSection(SolutionConfigurationPlatforms) = preSolution
		Debug|Any CPU = Debug|Any CPU
		Release|Any CPU = Release|Any CPU
	EndGlobalSection
	GlobalSection(ProjectConfigurationPlatforms) = postSolution
		{1D3B6F5E-6B89-498D-B74F-88580AFE73C6}.Debug|Any CPU.ActiveCfg = Debug|Any CPU
		{1D3B6F5E-6B89-498D-B74F-88580AFE73C6}.Debug|Any CPU.Build.0 = Debug|Any CPU
		{1D3B6F5E-6B89-498D-B74F-88580AFE73C6}.Release|Any CPU.ActiveCfg = Release|Any CPU
		{1D3B6F5E-6B89-498D-B74F-88580AFE73C6}.Release|Any CPU.Build.0 = Release|Any CPU
		{637EA2CD-CD96-42B1-B725-00EB1C77D86F}.Debug|Any CPU.ActiveCfg = Debug|Any CPU
		{637EA2CD-CD96-42B1-B725-00EB1C77D86F}.Debug|Any CPU.Build.0 = Debug|Any CPU
		{637EA2CD-CD96-42B1-B725-00EB1C77D86F}.Release|Any CPU.ActiveCfg = Release|Any CPU
		{637EA2CD-CD96-42B1-B725-00EB1C77D86F}.Release|Any CPU.Build.0 = Release|Any CPU
	EndGlobalSection
	GlobalSection(SolutionProperties) = preSolution
		HideSolutionNode = FALSE
	EndGlobalSection
	GlobalSection(ExtensibilityGlobals) = postSolution
		SolutionGuid = {91C0C410-686F-4A87-8323-6F2DCA820049}
	EndGlobalSection
EndGlobal
